{
  "lockfileVersion": 1,
  "configVersion": 1,
  "workspaces": {
    "": {
      "name": "heart-signal",
      "devDependencies": {
        "@types/bun": "^1.3.8",
        "@typescript/native-preview": "latest",
      },
    },
  },
  "packages": {
    "@types/bun": ["@types/bun@1.3.8", "", { "dependencies": { "bun-types": "1.3.8" } }, "sha512-3LvWJ2q5GerAXYxO2mffLTqOzEu5qnhEAlh48Vnu8WQfnmSwbgagjGZV6BoHKJztENYEDn6QmVd949W4uESRJA=="],

    "@types/node": ["@types/node@25.2.0", "", { "dependencies": { "undici-types": "7.16.0" } }, "sha512-DZ8VwRFUNzuqJ5khrvwMXHmvPe+zGayJhr2CDNiKB1WBE1ST8Djl00D0IC4vvNmHMdj6DlbYRIaFE7WHjlDl5w=="],

    "@typescript/native-preview": ["@typescript/native-preview@7.0.0-dev.20260202.1", "", { "optionalDependencies": { "@typescript/native-preview-darwin-arm64": "7.0.0-dev.20260202.1", "@typescript/native-preview-darwin-x64": "7.0.0-dev.20260202.1", "@typescript/native-preview-linux-arm": "7.0.0-dev.20260202.1", "@typescript/native-preview-linux-arm64": "7.0.0-dev.20260202.1", "@typescript/native-preview-linux-x64": "7.0.0-dev.20260202.1", "@typescript/native-preview-win32-arm64": "7.0.0-dev.20260202.1", "@typescript/native-preview-win32-x64": "7.0.0-dev.20260202.1" }, "bin": { "tsgo": "bin/tsgo.js" } }, "sha512-y88eLksVZDxSCvt/02cgaYGhYYvROS+vjOWGLQH7QvfLiMtrH+q8jFPgoDsCm85+H5ctWBtoCATZwwpY3/hYSw=="],

    "@typescript/native-preview-darwin-arm64": ["@typescript/native-preview-darwin-arm64@7.0.0-dev.20260202.1", "", { "os": "darwin", "cpu": "arm64" }, "sha512-a5ts3Z5+HeMS6PJgGkEuQyvzivZJ5bXQ+shzajbfojR+OzOALzTh9sBtFaD54e010e6S1k5QoWHlL/KQ8tgBrA=="],

    "@typescript/native-preview-darwin-x64": ["@typescript/native-preview-darwin-x64@7.0.0-dev.20260202.1", "", { "os": "darwin", "cpu": "x64" }, "sha512-bFnY6l7oJ2oDFQWAI1smKOm42KOBaEGNBGC84b9YpdWHJ1GlUwbKz0nM/oWI9NndbVJrYbrSqkifl19Oux60kQ=="],

    "@typescript/native-preview-linux-arm": ["@typescript/native-preview-linux-arm@7.0.0-dev.20260202.1", "", { "os": "linux", "cpu": "arm" }, "sha512-GU4zJ29o3f0ZEHeApdgiK+TFDBzJwTMedWLHhZlFbU3svUwhftuBBWBQjg2isLLYnZBXsAPuL90J+Ng2hF/ktg=="],

    "@typescript/native-preview-linux-arm64": ["@typescript/native-preview-linux-arm64@7.0.0-dev.20260202.1", "", { "os": "linux", "cpu": "arm64" }, "sha512-LB6DfiqKWM3vf2kLzY7gbHHsVY9fLU2cUpaDpaX9VGBZjNy4bX3t5ZCj+yryCy8ybMxn2seagjG9lydZ4gHlNw=="],

    "@typescript/native-preview-linux-x64": ["@typescript/native-preview-linux-x64@7.0.0-dev.20260202.1", "", { "os": "linux", "cpu": "x64" }, "sha512-ldIj+xiEq+VwCs8pwn8UlZdD8CsL52jeEN/i5qTOVtSOmFHHk2KbBR+8YHAD0jaTv4vZDn3/7BRH1g9gYV+FMg=="],

    "@typescript/native-preview-win32-arm64": ["@typescript/native-preview-win32-arm64@7.0.0-dev.20260202.1", "", { "os": "win32", "cpu": "arm64" }, "sha512-aGpOCUh6suYFztiXBmsNtqfsViIz1E0bvV/Wa3UrUHPsJPx9cm7+yvvLIChe5OzzggjDOa+dRTDGfbXFGlDXPQ=="],

    "@typescript/native-preview-win32-x64": ["@typescript/native-preview-win32-x64@7.0.0-dev.20260202.1", "", { "os": "win32", "cpu": "x64" }, "sha512-IH40xp560GZ0Ko46Pz/G9aCCVNsAn/KnYLusZRH+iQSs4E641Oh5rKG0q7iIFDpIcw5m5SWKEYC2YZxOULBntg=="],

    "bun-types": ["bun-types@1.3.8", "", { "dependencies": { "@types/node": "25.2.0" } }, "sha512-fL99nxdOWvV4LqjmC+8Q9kW3M4QTtTR1eePs94v5ctGqU8OeceWrSUaRw3JYb7tU3FkMIAjkueehrHPPPGKi5Q=="],

    "undici-types": ["undici-types@7.16.0", "", {}, "sha512-Zz+aZWSj8LE6zoxD+xrjh4VfkIG8Ya6LvYkZqtUQGJPZjYl53ypCaUwWqo7eI0x66KBGeRo+mlBEkMSeSZ38Nw=="],
  }
}
