lockfileVersion: '9.0'

settings:
  autoInstallPeers: true
  excludeLinksFromLockfile: false

importers:

  .:
    dependencies:
      bun:
        specifier: ^1.3.8
        version: 1.3.8
    devDependencies:
      '@types/bun':
        specifier: ^1.3.8
        version: 1.3.8
      '@typescript/native-preview':
        specifier: latest
        version: 7.0.0-dev.20260203.1

packages:

  '@oven/bun-darwin-aarch64@1.3.8':
    resolution: {integrity: sha512-hPERz4IgXCM6Y6GdEEsJAFceyJMt29f3HlFzsvE/k+TQjChRhar6S+JggL35b9VmFfsdxyCOOTPqgnSrdV0etA==}
    cpu: [arm64]
    os: [darwin]

  '@oven/bun-darwin-x64-baseline@1.3.8':
    resolution: {integrity: sha512-ArHVWpCRZI3vGLoN2/8ud8Kzqlgn1Gv+fNw+pMB9x18IzgAEhKxFxsWffnoaH21amam4tAOhpeewRIgdNtB0Cw==}
    cpu: [x64]
    os: [darwin]

  '@oven/bun-darwin-x64@1.3.8':
    resolution: {integrity: sha512-SaWIxsRQYiT/eA60bqA4l8iNO7cJ6YD8ie82RerRp9voceBxPIZiwX4y20cTKy5qNaSGr9LxfYq7vDywTipiog==}
    cpu: [x64]
    os: [darwin]

  '@oven/bun-linux-aarch64-musl@1.3.8':
    resolution: {integrity: sha512-HvJmhrfipL7GtuqFz6xNpmf27NGcCOMwCalPjNR6fvkLpe8A7Z1+QbxKKjOglelmlmZc3Vi2TgDUtxSqfqOToQ==}
    cpu: [arm64]
    os: [linux]

  '@oven/bun-linux-aarch64@1.3.8':
    resolution: {integrity: sha512-rq0nNckobtS+ONoB95/Frfqr8jCtmSjjjEZlN4oyUx0KEBV11Vj4v3cDVaWzuI34ryL8FCog3HaqjfKn8R82Tw==}
    cpu: [arm64]
    os: [linux]

  '@oven/bun-linux-x64-baseline@1.3.8':
    resolution: {integrity: sha512-3IkS3TuVOzMqPW6Gg9/8FEoKF/rpKZ9DZUfNy9GQ54+k4PGcXpptU3+dy8D4iDFCt4qe6bvoiAOdM44OOsZ+Wg==}
    cpu: [x64]
    os: [linux]

  '@oven/bun-linux-x64-musl-baseline@1.3.8':
    resolution: {integrity: sha512-5g8XJwHhcTh8SGoKO7pR54ILYDbuFkGo+68DOMTiVB5eLxuLET+Or/camHgk4QWp3nUS5kNjip4G8BE8i0rHVQ==}
    cpu: [x64]
    os: [linux]

  '@oven/bun-linux-x64-musl@1.3.8':
    resolution: {integrity: sha512-o7Jm5zL4aw9UBs3BcZLVbgGm2V4F10MzAQAV+ziKzoEfYmYtvDqRVxgKEq7BzUOVy4LgfrfwzEXw5gAQGRrhQQ==}
    cpu: [x64]
    os: [linux]

  '@oven/bun-linux-x64@1.3.8':
    resolution: {integrity: sha512-YDgqVx1MI8E0oDbCEUSkAMBKKGnUKfaRtMdLh9Bjhu7JQacQ/ZCpxwi4HPf5Q0O1TbWRrdxGw2tA2Ytxkn7s1Q==}
    cpu: [x64]
    os: [linux]

  '@oven/bun-windows-x64-baseline@1.3.8':
    resolution: {integrity: sha512-K6qBUKAZLXsjAwFxGTG87dsWlDjyDl2fqjJr7+x7lmv2m+aSEzmLOK+Z5pSvGkpjBp3LXV35UUgj8G0UTd0pPg==}
    cpu: [x64]
    os: [win32]

  '@oven/bun-windows-x64@1.3.8':
    resolution: {integrity: sha512-UDI3rowMm/tI6DIynpE4XqrOhr+1Ztk1NG707Wxv2nygup+anTswgCwjfjgmIe78LdoRNFrux2GpeolhQGW6vQ==}
    cpu: [x64]
    os: [win32]

  '@types/bun@1.3.8':
    resolution: {integrity: sha512-3LvWJ2q5GerAXYxO2mffLTqOzEu5qnhEAlh48Vnu8WQfnmSwbgagjGZV6BoHKJztENYEDn6QmVd949W4uESRJA==}

  '@types/node@25.2.0':
    resolution: {integrity: sha512-DZ8VwRFUNzuqJ5khrvwMXHmvPe+zGayJhr2CDNiKB1WBE1ST8Djl00D0IC4vvNmHMdj6DlbYRIaFE7WHjlDl5w==}

  '@typescript/native-preview-darwin-arm64@7.0.0-dev.20260203.1':
    resolution: {integrity: sha512-0se1eibJ4rJ3JXD1WlNF3JL3GWjUeZ9fmDJyUkpP0974cFApblKhqsYubT+kDWrWExh4IXctzjRpkWfJi2srow==}
    cpu: [arm64]
    os: [darwin]

  '@typescript/native-preview-darwin-x64@7.0.0-dev.20260203.1':
    resolution: {integrity: sha512-mMO5QBKSeVFWKvCu5+G9mbh5EmYqnCZb0g7s9HAUGAtOdjeGBVrvJTXLnahMbVB2KLU3ApUQCZQOoumZQ5z0Qw==}
    cpu: [x64]
    os: [darwin]

  '@typescript/native-preview-linux-arm64@7.0.0-dev.20260203.1':
    resolution: {integrity: sha512-Vl3f5LKFAXrgb7TTag8sG7Np9imyt1QsiRN5O9yl/aoqZpopdmMSBTUFuOzQFLD9ive/0cTsRIKt32gWT4zvew==}
    cpu: [arm64]
    os: [linux]

  '@typescript/native-preview-linux-arm@7.0.0-dev.20260203.1':
    resolution: {integrity: sha512-74Q4nr9zOWlWqNJ726BrujFpeqNVuNo09GUaIHtV3TatVf6qGcQtWJLD4xdsZXt1n1YwneTiBHqfXwU7h6Z26g==}
    cpu: [arm]
    os: [linux]

  '@typescript/native-preview-linux-x64@7.0.0-dev.20260203.1':
    resolution: {integrity: sha512-HGNXkZ10rs88It98rfGhvCwG9RKLm2TVjfYOnKzYq0xKrfvG9exvpojio5n5OxXaSvTumTjRbWbRYY+qwpSCag==}
    cpu: [x64]
    os: [linux]

  '@typescript/native-preview-win32-arm64@7.0.0-dev.20260203.1':
    resolution: {integrity: sha512-GkuRbW13iq2lRijkHnTWzrM/LThrr6KG0IXewdXd//E0DXcVvlg7ommgxPC29cf18X6T3vul1owjNmjVwp8siA==}
    cpu: [arm64]
    os: [win32]

  '@typescript/native-preview-win32-x64@7.0.0-dev.20260203.1':
    resolution: {integrity: sha512-O+OsC8DOEnoKWWlWrPOnULh0kSvQ8DiWWfFMVIDmoWfCIi2cDLZKKE1WfCXSLi6L76H9f1zXJEvNqW58tEG/vQ==}
    cpu: [x64]
    os: [win32]

  '@typescript/native-preview@7.0.0-dev.20260203.1':
    resolution: {integrity: sha512-8XwI9TS/idoFXAM8fVjBS4QmRzBr/AE3dQiMdhgwW+49tcGJeiU6MOwTHYyp8MhlFFx/1kiNwwdPoUnp3cS5vQ==}
    hasBin: true

  bun-types@1.3.8:
    resolution: {integrity: sha512-fL99nxdOWvV4LqjmC+8Q9kW3M4QTtTR1eePs94v5ctGqU8OeceWrSUaRw3JYb7tU3FkMIAjkueehrHPPPGKi5Q==}

  bun@1.3.8:
    resolution: {integrity: sha512-TmmtMGQSXY3o0enSMMkvR5g7Dw/2n2oylAUprLVdqA8pDPBoKbzgOmmgHOtvnfRznFppl+Gu2cid3vgAjcNoSg==}
    os: [darwin, linux, win32]
    hasBin: true

  undici-types@7.16.0:
    resolution: {integrity: sha512-Zz+aZWSj8LE6zoxD+xrjh4VfkIG8Ya6LvYkZqtUQGJPZjYl53ypCaUwWqo7eI0x66KBGeRo+mlBEkMSeSZ38Nw==}

snapshots:

  '@oven/bun-darwin-aarch64@1.3.8':
    optional: true

  '@oven/bun-darwin-x64-baseline@1.3.8':
    optional: true

  '@oven/bun-darwin-x64@1.3.8':
    optional: true

  '@oven/bun-linux-aarch64-musl@1.3.8':
    optional: true

  '@oven/bun-linux-aarch64@1.3.8':
    optional: true

  '@oven/bun-linux-x64-baseline@1.3.8':
    optional: true

  '@oven/bun-linux-x64-musl-baseline@1.3.8':
    optional: true

  '@oven/bun-linux-x64-musl@1.3.8':
    optional: true

  '@oven/bun-linux-x64@1.3.8':
    optional: true

  '@oven/bun-windows-x64-baseline@1.3.8':
    optional: true

  '@oven/bun-windows-x64@1.3.8':
    optional: true

  '@types/bun@1.3.8':
    dependencies:
      bun-types: 1.3.8

  '@types/node@25.2.0':
    dependencies:
      undici-types: 7.16.0

  '@typescript/native-preview-darwin-arm64@7.0.0-dev.20260203.1':
    optional: true

  '@typescript/native-preview-darwin-x64@7.0.0-dev.20260203.1':
    optional: true

  '@typescript/native-preview-linux-arm64@7.0.0-dev.20260203.1':
    optional: true

  '@typescript/native-preview-linux-arm@7.0.0-dev.20260203.1':
    optional: true

  '@typescript/native-preview-linux-x64@7.0.0-dev.20260203.1':
    optional: true

  '@typescript/native-preview-win32-arm64@7.0.0-dev.20260203.1':
    optional: true

  '@typescript/native-preview-win32-x64@7.0.0-dev.20260203.1':
    optional: true

  '@typescript/native-preview@7.0.0-dev.20260203.1':
    optionalDependencies:
      '@typescript/native-preview-darwin-arm64': 7.0.0-dev.20260203.1
      '@typescript/native-preview-darwin-x64': 7.0.0-dev.20260203.1
      '@typescript/native-preview-linux-arm': 7.0.0-dev.20260203.1
      '@typescript/native-preview-linux-arm64': 7.0.0-dev.20260203.1
      '@typescript/native-preview-linux-x64': 7.0.0-dev.20260203.1
      '@typescript/native-preview-win32-arm64': 7.0.0-dev.20260203.1
      '@typescript/native-preview-win32-x64': 7.0.0-dev.20260203.1

  bun-types@1.3.8:
    dependencies:
      '@types/node': 25.2.0

  bun@1.3.8:
    optionalDependencies:
      '@oven/bun-darwin-aarch64': 1.3.8
      '@oven/bun-darwin-x64': 1.3.8
      '@oven/bun-darwin-x64-baseline': 1.3.8
      '@oven/bun-linux-aarch64': 1.3.8
      '@oven/bun-linux-aarch64-musl': 1.3.8
      '@oven/bun-linux-x64': 1.3.8
      '@oven/bun-linux-x64-baseline': 1.3.8
      '@oven/bun-linux-x64-musl': 1.3.8
      '@oven/bun-linux-x64-musl-baseline': 1.3.8
      '@oven/bun-windows-x64': 1.3.8
      '@oven/bun-windows-x64-baseline': 1.3.8

  undici-types@7.16.0: {}
